
Microsoft Visual Studio Solution File, Format Version 12.00
# Visual Studio Version 17
VisualStudioVersion = 17.8.34330.188
MinimumVisualStudioVersion = 10.0.40219.1
Project("{FAE04EC0-301F-11D3-BF4B-00C04F79EFBC}") = "C#Assignment03", "GenericsWorkShop\C#Assignment03.csproj", "{689B4B47-1358-4E77-A426-E0094D4E9EAB}"
EndProject
Global
	GlobalSection(SolutionConfigurationPlatforms) = preSolution
		Debug|Any CPU = Debug|Any CPU
		Release|Any CPU = Release|Any CPU
	EndGlobalSection
	GlobalSection(ProjectConfigurationPlatforms) = postSolution
		{689B4B47-1358-4E77-A426-E0094D4E9EAB}.Debug|Any CPU.ActiveCfg = Debug|Any CPU
		{689B4B47-1358-4E77-A426-E0094D4E9EAB}.Debug|Any CPU.Build.0 = Debug|Any CPU
		{689B4B47-1358-4E77-A426-E0094D4E9EAB}.Release|Any CPU.ActiveCfg = Release|Any CPU
		{689B4B47-1358-4E77-A426-E0094D4E9EAB}.Release|Any CPU.Build.0 = Release|Any CPU
	EndGlobalSection
	GlobalSection(SolutionProperties) = preSolution
		HideSolutionNode = FALSE
	EndGlobalSection
	GlobalSection(ExtensibilityGlobals) = postSolution
		SolutionGuid = {729C28A1-B1B8-45C1-B5B5-0B82AD78F792}
	EndGlobalSection
EndGlobal
